
Microsoft Visual Studio Solution File, Format Version 12.00
# Visual Studio Version 16
VisualStudioVersion = 16.0.31515.178
MinimumVisualStudioVersion = 10.0.40219.1
Project("{FAE04EC0-301F-11D3-BF4B-00C04F79EFBC}") = "RestaurantAPI", "RestaurantAPI\RestaurantAPI.csproj", "{87FEDAEF-F96D-443F-856B-F8179844868E}"
EndProject
Global
	GlobalSection(SolutionConfigurationPlatforms) = preSolution
		Debug|Any CPU = Debug|Any CPU
		Release|Any CPU = Release|Any CPU
	EndGlobalSection
	GlobalSection(ProjectConfigurationPlatforms) = postSolution
		{87FEDAEF-F96D-443F-856B-F8179844868E}.Debug|Any CPU.ActiveCfg = Debug|Any CPU
		{87FEDAEF-F96D-443F-856B-F8179844868E}.Debug|Any CPU.Build.0 = Debug|Any CPU
		{87FEDAEF-F96D-443F-856B-F8179844868E}.Release|Any CPU.ActiveCfg = Release|Any CPU
		{87FEDAEF-F96D-443F-856B-F8179844868E}.Release|Any CPU.Build.0 = Release|Any CPU
	EndGlobalSection
	GlobalSection(SolutionProperties) = preSolution
		HideSolutionNode = FALSE
	EndGlobalSection
	GlobalSection(ExtensibilityGlobals) = postSolution
		SolutionGuid = {2D3885DA-E344-495E-952F-49987E86EF1F}
	EndGlobalSection
EndGlobal
